// !$*UTF8*$!
{
	archiveVersion = 1;
	classes = {
	};
	objectVersion = 46;
	objects = {

/* Begin PBXBuildFile section */
		497B00871F25C62000460C28 /* main.m in Sources */ = {isa = PBXBuildFile; fileRef = 497B00861F25C62000460C28 /* main.m */; };
		497B008A1F25C62000460C28 /* AppDelegate.m in Sources */ = {isa = PBXBuildFile; fileRef = 497B00891F25C62000460C28 /* AppDelegate.m */; };
		497B008D1F25C62000460C28 /* ViewController.m in Sources */ = {isa = PBXBuildFile; fileRef = 497B008C1F25C62000460C28 /* ViewController.m */; };
		497B00901F25C62000460C28 /* Main.storyboard in Resources */ = {isa = PBXBuildFile; fileRef = 497B008E1F25C62000460C28 /* Main.storyboard */; };
		497B00921F25C62000460C28 /* Assets.xcassets in Resources */ = {isa = PBXBuildFile; fileRef = 497B00911F25C62000460C28 /* Assets.xcassets */; };
		497B00951F25C62000460C28 /* LaunchScreen.storyboard in Resources */ = {isa = PBXBuildFile; fileRef = 497B00931F25C62000460C28 /* LaunchScreen.storyboard */; };
		497B00A01F25C62000460C28 /* ____Tests.m in Sources */ = {isa = PBXBuildFile; fileRef = 497B009F1F25C62000460C28 /* ____Tests.m */; };
		497B00AB1F25C62000460C28 /* ____UITests.m in Sources */ = {isa = PBXBuildFile; fileRef = 497B00AA1F25C62000460C28 /* ____UITests.m */; };
/* End PBXBuildFile section */

/* Begin PBXContainerItemProxy section */
		497B009C1F25C62000460C28 /* PBXContainerItemProxy */ = {
			isa = PBXContainerItemProxy;
			containerPortal = 497B007A1F25C62000460C28 /* Project object */;
			proxyType = 1;
			remoteGlobalIDString = 497B00811F25C62000460C28;
			remoteInfo = "文件上传";
		};
		497B00A71F25C62000460C28 /* PBXContainerItemProxy */ = {
			isa = PBXContainerItemProxy;
			containerPortal = 497B007A1F25C62000460C28 /* Project object */;
			proxyType = 1;
			remoteGlobalIDString = 497B00811F25C62000460C28;
			remoteInfo = "文件上传";
		};
/* End PBXContainerItemProxy section */

/* Begin PBXFileReference section */
		497B00821F25C62000460C28 /* 文件上传.app */ = {isa = PBXFileReference; explicitFileType = wrapper.application; includeInIndex = 0; path = "文件上传.app"; sourceTree = BUILT_PRODUCTS_DIR; };
		497B00861F25C62000460C28 /* main.m */ = {isa = PBXFileReference; lastKnownFileType = sourcecode.c.objc; path = main.m; sourceTree = "<group>"; };
		497B00881F25C62000460C28 /* AppDelegate.h */ = {isa = PBXFileReference; lastKnownFileType = sourcecode.c.h; path = AppDelegate.h; sourceTree = "<group>"; };
		497B00891F25C62000460C28 /* AppDelegate.m */ = {isa = PBXFileReference; lastKnownFileType = sourcecode.c.objc; path = AppDelegate.m; sourceTree = "<group>"; };
		497B008B1F25C62000460C28 /* ViewController.h */ = {isa = PBXFileReference; lastKnownFileType = sourcecode.c.h; path = ViewController.h; sourceTree = "<group>"; };
		497B008C1F25C62000460C28 /* ViewController.m */ = {isa = PBXFileReference; lastKnownFileType = sourcecode.c.objc; path = ViewController.m; sourceTree = "<group>"; };
		497B008F1F25C62000460C28 /* Base */ = {isa = PBXFileReference; lastKnownFileType = file.storyboard; name = Base; path = Base.lproj/Main.storyboard; sourceTree = "<group>"; };
		497B00911F25C62000460C28 /* Assets.xcassets */ = {isa = PBXFileReference; lastKnownFileType = folder.assetcatalog; path = Assets.xcassets; sourceTree = "<group>"; };
		497B00941F25C62000460C28 /* Base */ = {isa = PBXFileReference; lastKnownFileType = file.storyboard; name = Base; path = Base.lproj/LaunchScreen.storyboard; sourceTree = "<group>"; };
		497B00961F25C62000460C28 /* Info.plist */ = {isa = PBXFileReference; lastKnownFileType = text.plist.xml; path = Info.plist; sourceTree = "<group>"; };
		497B009B1F25C62000460C28 /* 文件上传Tests.xctest */ = {isa = PBXFileReference; explicitFileType = wrapper.cfbundle; includeInIndex = 0; path = "文件上传Tests.xctest"; sourceTree = BUILT_PRODUCTS_DIR; };
		497B009F1F25C62000460C28 /* ____Tests.m */ = {isa = PBXFileReference; lastKnownFileType = sourcecode.c.objc; path = "____Tests.m"; sourceTree = "<group>"; };
		497B00A11F25C62000460C28 /* Info.plist */ = {isa = PBXFileReference; lastKnownFileType = text.plist.xml; path = Info.plist; sourceTree = "<group>"; };
		497B00A61F25C62000460C28 /* 文件上传UITests.xctest */ = {isa = PBXFileReference; explicitFileType = wrapper.cfbundle; includeInIndex = 0; path = "文件上传UITests.xctest"; sourceTree = BUILT_PRODUCTS_DIR; };
		497B00AA1F25C62000460C28 /* ____UITests.m */ = {isa = PBXFileReference; lastKnownFileType = sourcecode.c.objc; path = "____UITests.m"; sourceTree = "<group>"; };
		497B00AC1F25C62000460C28 /* Info.plist */ = {isa = PBXFileReference; lastKnownFileType = text.plist.xml; path = Info.plist; sourceTree = "<group>"; };
		497B00B81F25C64B00460C28 /* readerME.h */ = {isa = PBXFileReference; lastKnownFileType = sourcecode.c.h; path = readerME.h; sourceTree = "<group>"; };
/* End PBXFileReference section */

/* Begin PBXFrameworksBuildPhase section */
		497B007F1F25C62000460C28 /* Frameworks */ = {
			isa = PBXFrameworksBuildPhase;
			buildActionMask = 2147483647;
			files = (
			);
			runOnlyForDeploymentPostprocessing = 0;
		};
		497B00981F25C62000460C28 /* Frameworks */ = {
			isa = PBXFrameworksBuildPhase;
			buildActionMask = 2147483647;
			files = (
			);
			runOnlyForDeploymentPostprocessing = 0;
		};
		497B00A31F25C62000460C28 /* Frameworks */ = {
			isa = PBXFrameworksBuildPhase;
			buildActionMask = 2147483647;
			files = (
			);
			runOnlyForDeploymentPostprocessing = 0;
		};
/* End PBXFrameworksBuildPhase section */

/* Begin PBXGroup section */
		497B00791F25C62000460C28 = {
			isa = PBXGroup;
			children = (
				497B00841F25C62000460C28 /* 文件上传 */,
				497B009E1F25C62000460C28 /* 文件上传Tests */,
				497B00A91F25C62000460C28 /* 文件上传UITests */,
				497B00831F25C62000460C28 /* Products */,
			);
			sourceTree = "<group>";
		};
		497B00831F25C62000460C28 /* Products */ = {
			isa = PBXGroup;
			children = (
				497B00821F25C62000460C28 /* 文件上传.app */,
				497B009B1F25C62000460C28 /* 文件上传Tests.xctest */,
				497B00A61F25C62000460C28 /* 文件上传UITests.xctest */,
			);
			name = Products;
			sourceTree = "<group>";
		};
		497B00841F25C62000460C28 /* 文件上传 */ = {
			isa = PBXGroup;
			children = (
				497B00B81F25C64B00460C28 /* readerME.h */,
				497B00881F25C62000460C28 /* AppDelegate.h */,
				497B00891F25C62000460C28 /* AppDelegate.m */,
				497B008B1F25C62000460C28 /* ViewController.h */,
				497B008C1F25C62000460C28 /* ViewController.m */,
				497B008E1F25C62000460C28 /* Main.storyboard */,
				497B00911F25C62000460C28 /* Assets.xcassets */,
				497B00931F25C62000460C28 /* LaunchScreen.storyboard */,
				497B00961F25C62000460C28 /* Info.plist */,
				497B00851F25C62000460C28 /* Supporting Files */,
			);
			path = "文件上传";
			sourceTree = "<group>";
		};
		497B00851F25C62000460C28 /* Supporting Files */ = {
			isa = PBXGroup;
			children = (
				497B00861F25C62000460C28 /* main.m */,
			);
			name = "Supporting Files";
			sourceTree = "<group>";
		};
		497B009E1F25C62000460C28 /* 文件上传Tests */ = {
			isa = PBXGroup;
			children = (
				497B009F1F25C62000460C28 /* ____Tests.m */,
				497B00A11F25C62000460C28 /* Info.plist */,
			);
			path = "文件上传Tests";
			sourceTree = "<group>";
		};
		497B00A91F25C62000460C28 /* 文件上传UITests */ = {
			isa = PBXGroup;
			children = (
				497B00AA1F25C62000460C28 /* ____UITests.m */,
				497B00AC1F25C62000460C28 /* Info.plist */,
			);
			path = "文件上传UITests";
			sourceTree = "<group>";
		};
/* End PBXGroup section */

/* Begin PBXNativeTarget section */
		497B00811F25C62000460C28 /* 文件上传 */ = {
			isa = PBXNativeTarget;
			buildConfigurationList = 497B00AF1F25C62000460C28 /* Build configuration list for PBXNativeTarget "文件上传" */;
			buildPhases = (
				497B007E1F25C62000460C28 /* Sources */,
				497B007F1F25C62000460C28 /* Frameworks */,
				497B00801F25C62000460C28 /* Resources */,
			);
			buildRules = (
			);
			dependencies = (
			);
			name = "文件上传";
			productName = "文件上传";
			productReference = 497B00821F25C62000460C28 /* 文件上传.app */;
			productType = "com.apple.product-type.application";
		};
		497B009A1F25C62000460C28 /* 文件上传Tests */ = {
			isa = PBXNativeTarget;
			buildConfigurationList = 497B00B21F25C62000460C28 /* Build configuration list for PBXNativeTarget "文件上传Tests" */;
			buildPhases = (
				497B00971F25C62000460C28 /* Sources */,
				497B00981F25C62000460C28 /* Frameworks */,
				497B00991F25C62000460C28 /* Resources */,
			);
			buildRules = (
			);
			dependencies = (
				497B009D1F25C62000460C28 /* PBXTargetDependency */,
			);
			name = "文件上传Tests";
			productName = "文件上传Tests";
			productReference = 497B009B1F25C62000460C28 /* 文件上传Tests.xctest */;
			productType = "com.apple.product-type.bundle.unit-test";
		};
		497B00A51F25C62000460C28 /* 文件上传UITests */ = {
			isa = PBXNativeTarget;
			buildConfigurationList = 497B00B51F25C62000460C28 /* Build configuration list for PBXNativeTarget "文件上传UITests" */;
			buildPhases = (
				497B00A21F25C62000460C28 /* Sources */,
				497B00A31F25C62000460C28 /* Frameworks */,
				497B00A41F25C62000460C28 /* Resources */,
			);
			buildRules = (
			);
			dependencies = (
				497B00A81F25C62000460C28 /* PBXTargetDependency */,
			);
			name = "文件上传UITests";
			productName = "文件上传UITests";
			productReference = 497B00A61F25C62000460C28 /* 文件上传UITests.xctest */;
			productType = "com.apple.product-type.bundle.ui-testing";
		};
/* End PBXNativeTarget section */

/* Begin PBXProject section */
		497B007A1F25C62000460C28 /* Project object */ = {
			isa = PBXProject;
			attributes = {
				LastUpgradeCheck = 0830;
				ORGANIZATIONNAME = yibuyimiao;
				TargetAttributes = {
					497B00811F25C62000460C28 = {
						CreatedOnToolsVersion = 8.3.3;
						DevelopmentTeam = 3L99Q7H8MX;
						ProvisioningStyle = Automatic;
					};
					497B009A1F25C62000460C28 = {
						CreatedOnToolsVersion = 8.3.3;
						DevelopmentTeam = 3L99Q7H8MX;
						ProvisioningStyle = Automatic;
						TestTargetID = 497B00811F25C62000460C28;
					};
					497B00A51F25C62000460C28 = {
						CreatedOnToolsVersion = 8.3.3;
						DevelopmentTeam = 3L99Q7H8MX;
						ProvisioningStyle = Automatic;
						TestTargetID = 497B00811F25C62000460C28;
					};
				};
			};
			buildConfigurationList = 497B007D1F25C62000460C28 /* Build configuration list for PBXProject "文件上传" */;
			compatibilityVersion = "Xcode 3.2";
			developmentRegion = English;
			hasScannedForEncodings = 0;
			knownRegions = (
				en,
				Base,
			);
			mainGroup = 497B00791F25C62000460C28;
			productRefGroup = 497B00831F25C62000460C28 /* Products */;
			projectDirPath = "";
			projectRoot = "";
			targets = (
				497B00811F25C62000460C28 /* 文件上传 */,
				497B009A1F25C62000460C28 /* 文件上传Tests */,
				497B00A51F25C62000460C28 /* 文件上传UITests */,
			);
		};
/* End PBXProject section */

/* Begin PBXResourcesBuildPhase section */
		497B00801F25C62000460C28 /* Resources */ = {
			isa = PBXResourcesBuildPhase;
			buildActionMask = 2147483647;
			files = (
				497B00951F25C62000460C28 /* LaunchScreen.storyboard in Resources */,
				497B00921F25C62000460C28 /* Assets.xcassets in Resources */,
				497B00901F25C62000460C28 /* Main.storyboard in Resources */,
			);
			runOnlyForDeploymentPostprocessing = 0;
		};
		497B00991F25C62000460C28 /* Resources */ = {
			isa = PBXResourcesBuildPhase;
			buildActionMask = 2147483647;
			files = (
			);
			runOnlyForDeploymentPostprocessing = 0;
		};
		497B00A41F25C62000460C28 /* Resources */ = {
			isa = PBXResourcesBuildPhase;
			buildActionMask = 2147483647;
			files = (
			);
			runOnlyForDeploymentPostprocessing = 0;
		};
/* End PBXResourcesBuildPhase section */

/* Begin PBXSourcesBuildPhase section */
		497B007E1F25C62000460C28 /* Sources */ = {
			isa = PBXSourcesBuildPhase;
			buildActionMask = 2147483647;
			files = (
				497B008D1F25C62000460C28 /* ViewController.m in Sources */,
				497B008A1F25C62000460C28 /* AppDelegate.m in Sources */,
				497B00871F25C62000460C28 /* main.m in Sources */,
			);
			runOnlyForDeploymentPostprocessing = 0;
		};
		497B00971F25C62000460C28 /* Sources */ = {
			isa = PBXSourcesBuildPhase;
			buildActionMask = 2147483647;
			files = (
				497B00A01F25C62000460C28 /* ____Tests.m in Sources */,
			);
			runOnlyForDeploymentPostprocessing = 0;
		};
		497B00A21F25C62000460C28 /* Sources */ = {
			isa = PBXSourcesBuildPhase;
			buildActionMask = 2147483647;
			files = (
				497B00AB1F25C62000460C28 /* ____UITests.m in Sources */,
			);
			runOnlyForDeploymentPostprocessing = 0;
		};
/* End PBXSourcesBuildPhase section */

/* Begin PBXTargetDependency section */
		497B009D1F25C62000460C28 /* PBXTargetDependency */ = {
			isa = PBXTargetDependency;
			target = 497B00811F25C62000460C28 /* 文件上传 */;
			targetProxy = 497B009C1F25C62000460C28 /* PBXContainerItemProxy */;
		};
		497B00A81F25C62000460C28 /* PBXTargetDependency */ = {
			isa = PBXTargetDependency;
			target = 497B00811F25C62000460C28 /* 文件上传 */;
			targetProxy = 497B00A71F25C62000460C28 /* PBXContainerItemProxy */;
		};
/* End PBXTargetDependency section */

/* Begin PBXVariantGroup section */
		497B008E1F25C62000460C28 /* Main.storyboard */ = {
			isa = PBXVariantGroup;
			children = (
				497B008F1F25C62000460C28 /* Base */,
			);
			name = Main.storyboard;
			sourceTree = "<group>";
		};
		497B00931F25C62000460C28 /* LaunchScreen.storyboard */ = {
			isa = PBXVariantGroup;
			children = (
				497B00941F25C62000460C28 /* Base */,
			);
			name = LaunchScreen.storyboard;
			sourceTree = "<group>";
		};
/* End PBXVariantGroup section */

/* Begin XCBuildConfiguration section */
		497B00AD1F25C62000460C28 /* Debug */ = {
			isa = XCBuildConfiguration;
			buildSettings = {
				ALWAYS_SEARCH_USER_PATHS = NO;
				CLANG_ANALYZER_NONNULL = YES;
				CLANG_ANALYZER_NUMBER_OBJECT_CONVERSION = YES_AGGRESSIVE;
				CLANG_CXX_LANGUAGE_STANDARD = "gnu++0x";
				CLANG_CXX_LIBRARY = "libc++";
				CLANG_ENABLE_MODULES = YES;
				CLANG_ENABLE_OBJC_ARC = YES;
				CLANG_WARN_BOOL_CONVERSION = YES;
				CLANG_WARN_CONSTANT_CONVERSION = YES;
				CLANG_WARN_DIRECT_OBJC_ISA_USAGE = YES_ERROR;
				CLANG_WARN_DOCUMENTATION_COMMENTS = YES;
				CLANG_WARN_EMPTY_BODY = YES;
				CLANG_WARN_ENUM_CONVERSION = YES;
				CLANG_WARN_INFINITE_RECURSION = YES;
				CLANG_WARN_INT_CONVERSION = YES;
				CLANG_WARN_OBJC_ROOT_CLASS = YES_ERROR;
				CLANG_WARN_SUSPICIOUS_MOVE = YES;
				CLANG_WARN_UNREACHABLE_CODE = YES;
				CLANG_WARN__DUPLICATE_METHOD_MATCH = YES;
				"CODE_SIGN_IDENTITY[sdk=iphoneos*]" = "iPhone Developer";
				COPY_PHASE_STRIP = NO;
				DEBUG_INFORMATION_FORMAT = dwarf;
				ENABLE_STRICT_OBJC_MSGSEND = YES;
				ENABLE_TESTABILITY = YES;
				GCC_C_LANGUAGE_STANDARD = gnu99;
				GCC_DYNAMIC_NO_PIC = NO;
				GCC_NO_COMMON_BLOCKS = YES;
				GCC_OPTIMIZATION_LEVEL = 0;
				GCC_PREPROCESSOR_DEFINITIONS = (
					"DEBUG=1",
					"$(inherited)",
				);
				GCC_WARN_64_TO_32_BIT_CONVERSION = YES;
				GCC_WARN_ABOUT_RETURN_TYPE = YES_ERROR;
				GCC_WARN_UNDECLARED_SELECTOR = YES;
				GCC_WARN_UNINITIALIZED_AUTOS = YES_AGGRESSIVE;
				GCC_WARN_UNUSED_FUNCTION = YES;
				GCC_WARN_UNUSED_VARIABLE = YES;
				IPHONEOS_DEPLOYMENT_TARGET = 10.3;
				MTL_ENABLE_DEBUG_INFO = YES;
				ONLY_ACTIVE_ARCH = YES;
				SDKROOT = iphoneos;
				TARGETED_DEVICE_FAMILY = "1,2";
			};
			name = Debug;
		};
		497B00AE1F25C62000460C28 /* Release */ = {
			isa = XCBuildConfiguration;
			buildSettings = {
				ALWAYS_SEARCH_USER_PATHS = NO;
				CLANG_ANALYZER_NONNULL = YES;
				CLANG_ANALYZER_NUMBER_OBJECT_CONVERSION = YES_AGGRESSIVE;
				CLANG_CXX_LANGUAGE_STANDARD = "gnu++0x";
				CLANG_CXX_LIBRARY = "libc++";
				CLANG_ENABLE_MODULES = YES;
				CLANG_ENABLE_OBJC_ARC = YES;
				CLANG_WARN_BOOL_CONVERSION = YES;
				CLANG_WARN_CONSTANT_CONVERSION = YES;
				CLANG_WARN_DIRECT_OBJC_ISA_USAGE = YES_ERROR;
				CLANG_WARN_DOCUMENTATION_COMMENTS = YES;
				CLANG_WARN_EMPTY_BODY = YES;
				CLANG_WARN_ENUM_CONVERSION = YES;
				CLANG_WARN_INFINITE_RECURSION = YES;
				CLANG_WARN_INT_CONVERSION = YES;
				CLANG_WARN_OBJC_ROOT_CLASS = YES_ERROR;
				CLANG_WARN_SUSPICIOUS_MOVE = YES;
				CLANG_WARN_UNREACHABLE_CODE = YES;
				CLANG_WARN__DUPLICATE_METHOD_MATCH = YES;
				"CODE_SIGN_IDENTITY[sdk=iphoneos*]" = "iPhone Developer";
				COPY_PHASE_STRIP = NO;
				DEBUG_INFORMATION_FORMAT = "dwarf-with-dsym";
				ENABLE_NS_ASSERTIONS = NO;
				ENABLE_STRICT_OBJC_MSGSEND = YES;
				GCC_C_LANGUAGE_STANDARD = gnu99;
				GCC_NO_COMMON_BLOCKS = YES;
				GCC_WARN_64_TO_32_BIT_CONVERSION = YES;
				GCC_WARN_ABOUT_RETURN_TYPE = YES_ERROR;
				GCC_WARN_UNDECLARED_SELECTOR = YES;
				GCC_WARN_UNINITIALIZED_AUTOS = YES_AGGRESSIVE;
				GCC_WARN_UNUSED_FUNCTION = YES;
				GCC_WARN_UNUSED_VARIABLE = YES;
				IPHONEOS_DEPLOYMENT_TARGET = 10.3;
				MTL_ENABLE_DEBUG_INFO = NO;
				SDKROOT = iphoneos;
				TARGETED_DEVICE_FAMILY = "1,2";
				VALIDATE_PRODUCT = YES;
			};
			name = Release;
		};
		497B00B01F25C62000460C28 /* Debug */ = {
			isa = XCBuildConfiguration;
			buildSettings = {
				ASSETCATALOG_COMPILER_APPICON_NAME = AppIcon;
				DEVELOPMENT_TEAM = 3L99Q7H8MX;
				INFOPLIST_FILE = "文件上传/Info.plist";
				LD_RUNPATH_SEARCH_PATHS = "$(inherited) @executable_path/Frameworks";
				PRODUCT_BUNDLE_IDENTIFIER = "zhangxiansheng.----";
				PRODUCT_NAME = "$(TARGET_NAME)";
			};
			name = Debug;
		};
		497B00B11F25C62000460C28 /* Release */ = {
			isa = XCBuildConfiguration;
			buildSettings = {
				ASSETCATALOG_COMPILER_APPICON_NAME = AppIcon;
				DEVELOPMENT_TEAM = 3L99Q7H8MX;
				INFOPLIST_FILE = "文件上传/Info.plist";
				LD_RUNPATH_SEARCH_PATHS = "$(inherited) @executable_path/Frameworks";
				PRODUCT_BUNDLE_IDENTIFIER = "zhangxiansheng.----";
				PRODUCT_NAME = "$(TARGET_NAME)";
			};
			name = Release;
		};
		497B00B31F25C62000460C28 /* Debug */ = {
			isa = XCBuildConfiguration;
			buildSettings = {
				BUNDLE_LOADER = "$(TEST_HOST)";
				DEVELOPMENT_TEAM = 3L99Q7H8MX;
				INFOPLIST_FILE = "文件上传Tests/Info.plist";
				LD_RUNPATH_SEARCH_PATHS = "$(inherited) @executable_path/Frameworks @loader_path/Frameworks";
				PRODUCT_BUNDLE_IDENTIFIER = "zhangxiansheng.----Tests";
				PRODUCT_NAME = "$(TARGET_NAME)";
				TEST_HOST = "$(BUILT_PRODUCTS_DIR)/文件上传.app/文件上传";
			};
			name = Debug;
		};
		497B00B41F25C62000460C28 /* Release */ = {
			isa = XCBuildConfiguration;
			buildSettings = {
				BUNDLE_LOADER = "$(TEST_HOST)";
				DEVELOPMENT_TEAM = 3L99Q7H8MX;
				INFOPLIST_FILE = "文件上传Tests/Info.plist";
				LD_RUNPATH_SEARCH_PATHS = "$(inherited) @executable_path/Frameworks @loader_path/Frameworks";
				PRODUCT_BUNDLE_IDENTIFIER = "zhangxiansheng.----Tests";
				PRODUCT_NAME = "$(TARGET_NAME)";
				TEST_HOST = "$(BUILT_PRODUCTS_DIR)/文件上传.app/文件上传";
			};
			name = Release;
		};
		497B00B61F25C62000460C28 /* Debug */ = {
			isa = XCBuildConfiguration;
			buildSettings = {
				DEVELOPMENT_TEAM = 3L99Q7H8MX;
				INFOPLIST_FILE = "文件上传UITests/Info.plist";
				LD_RUNPATH_SEARCH_PATHS = "$(inherited) @executable_path/Frameworks @loader_path/Frameworks";
				PRODUCT_BUNDLE_IDENTIFIER = "zhangxiansheng.----UITests";
				PRODUCT_NAME = "$(TARGET_NAME)";
				TEST_TARGET_NAME = "文件上传";
			};
			name = Debug;
		};
		497B00B71F25C62000460C28 /* Release */ = {
			isa = XCBuildConfiguration;
			buildSettings = {
				DEVELOPMENT_TEAM = 3L99Q7H8MX;
				INFOPLIST_FILE = "文件上传UITests/Info.plist";
				LD_RUNPATH_SEARCH_PATHS = "$(inherited) @executable_path/Frameworks @loader_path/Frameworks";
				PRODUCT_BUNDLE_IDENTIFIER = "zhangxiansheng.----UITests";
				PRODUCT_NAME = "$(TARGET_NAME)";
				TEST_TARGET_NAME = "文件上传";
			};
			name = Release;
		};
/* End XCBuildConfiguration section */

/* Begin XCConfigurationList section */
		497B007D1F25C62000460C28 /* Build configuration list for PBXProject "文件上传" */ = {
			isa = XCConfigurationList;
			buildConfigurations = (
				497B00AD1F25C62000460C28 /* Debug */,
				497B00AE1F25C62000460C28 /* Release */,
			);
			defaultConfigurationIsVisible = 0;
			defaultConfigurationName = Release;
		};
		497B00AF1F25C62000460C28 /* Build configuration list for PBXNativeTarget "文件上传" */ = {
			isa = XCConfigurationList;
			buildConfigurations = (
				497B00B01F25C62000460C28 /* Debug */,
				497B00B11F25C62000460C28 /* Release */,
			);
			defaultConfigurationIsVisible = 0;
		};
		497B00B21F25C62000460C28 /* Build configuration list for PBXNativeTarget "文件上传Tests" */ = {
			isa = XCConfigurationList;
			buildConfigurations = (
				497B00B31F25C62000460C28 /* Debug */,
				497B00B41F25C62000460C28 /* Release */,
			);
			defaultConfigurationIsVisible = 0;
		};
		497B00B51F25C62000460C28 /* Build configuration list for PBXNativeTarget "文件上传UITests" */ = {
			isa = XCConfigurationList;
			buildConfigurations = (
				497B00B61F25C62000460C28 /* Debug */,
				497B00B71F25C62000460C28 /* Release */,
			);
			defaultConfigurationIsVisible = 0;
		};
/* End XCConfigurationList section */
	};
	rootObject = 497B007A1F25C62000460C28 /* Project object */;
}
